
Microsoft Visual Studio Solution File, Format Version 12.00
# Visual Studio Version 16
VisualStudioVersion = 16.0.32228.343
MinimumVisualStudioVersion = 10.0.40219.1
Project("{FAE04EC0-301F-11D3-BF4B-00C04F79EFBC}") = "WinFormsApp1", "WinFormsApp1\WinFormsApp1.csproj", "{C14367EF-9C42-406D-8193-A3BBA916B84A}"
EndProject
Global
	GlobalSection(SolutionConfigurationPlatforms) = preSolution
		Debug|Any CPU = Debug|Any CPU
		Release|Any CPU = Release|Any CPU
	EndGlobalSection
	GlobalSection(ProjectConfigurationPlatforms) = postSolution
		{C14367EF-9C42-406D-8193-A3BBA916B84A}.Debug|Any CPU.ActiveCfg = Debug|Any CPU
		{C14367EF-9C42-406D-8193-A3BBA916B84A}.Debug|Any CPU.Build.0 = Debug|Any CPU
		{C14367EF-9C42-406D-8193-A3BBA916B84A}.Release|Any CPU.ActiveCfg = Release|Any CPU
		{C14367EF-9C42-406D-8193-A3BBA916B84A}.Release|Any CPU.Build.0 = Release|Any CPU
	EndGlobalSection
	GlobalSection(SolutionProperties) = preSolution
		HideSolutionNode = FALSE
	EndGlobalSection
	GlobalSection(ExtensibilityGlobals) = postSolution
		SolutionGuid = {654A3975-3D9A-4C58-9C23-E5198547A163}
	EndGlobalSection
EndGlobal
